
Microsoft Visual Studio Solution File, Format Version 12.00
# Visual Studio 15
VisualStudioVersion = 15.0.27703.2035
MinimumVisualStudioVersion = 10.0.40219.1
Project("{888888A0-9F3D-457C-B088-3A5042F75D52}") = "GettingStartedWithPython", "GettingStartedWithPython\GettingStartedWithPython.pyproj", "{68571497-A6CB-4844-A991-7A9E6666AA08}"
EndProject
Global
	GlobalSection(SolutionConfigurationPlatforms) = preSolution
		Debug|Any CPU = Debug|Any CPU
		Release|Any CPU = Release|Any CPU
	EndGlobalSection
	GlobalSection(ProjectConfigurationPlatforms) = postSolution
		{68571497-A6CB-4844-A991-7A9E6666AA08}.Debug|Any CPU.ActiveCfg = Debug|Any CPU
		{68571497-A6CB-4844-A991-7A9E6666AA08}.Release|Any CPU.ActiveCfg = Release|Any CPU
	EndGlobalSection
	GlobalSection(SolutionProperties) = preSolution
		HideSolutionNode = FALSE
	EndGlobalSection
	GlobalSection(ExtensibilityGlobals) = postSolution
		SolutionGuid = {B56FF1C9-5E4B-491D-B382-E31F8AC83D19}
	EndGlobalSection
EndGlobal
