
Microsoft Visual Studio Solution File, Format Version 12.00
# Visual Studio 15
VisualStudioVersion = 15.0.27703.2035
MinimumVisualStudioVersion = 10.0.40219.1
Project("{888888A0-9F3D-457C-B088-3A5042F75D52}") = "OOP", "OOP.pyproj", "{1004CF2C-9FFE-4D36-BB84-90F1579F0044}"
EndProject
Global
	GlobalSection(SolutionConfigurationPlatforms) = preSolution
		Debug|Any CPU = Debug|Any CPU
		Release|Any CPU = Release|Any CPU
	EndGlobalSection
	GlobalSection(ProjectConfigurationPlatforms) = postSolution
		{1004CF2C-9FFE-4D36-BB84-90F1579F0044}.Debug|Any CPU.ActiveCfg = Debug|Any CPU
		{1004CF2C-9FFE-4D36-BB84-90F1579F0044}.Release|Any CPU.ActiveCfg = Release|Any CPU
	EndGlobalSection
	GlobalSection(SolutionProperties) = preSolution
		HideSolutionNode = FALSE
	EndGlobalSection
	GlobalSection(ExtensibilityGlobals) = postSolution
		SolutionGuid = {B84570CE-9F0D-4E24-A57D-5CDE0A5D562F}
	EndGlobalSection
EndGlobal
