
Microsoft Visual Studio Solution File, Format Version 12.00
# Visual Studio 15
VisualStudioVersion = 15.0.27703.2035
MinimumVisualStudioVersion = 10.0.40219.1
Project("{888888A0-9F3D-457C-B088-3A5042F75D52}") = "MyPollSite", "MyPollSite\MyPollSite.pyproj", "{FD3CCF2F-E8F6-4C23-A169-8E4730F43F4F}"
EndProject
Global
	GlobalSection(SolutionConfigurationPlatforms) = preSolution
		Debug|Any CPU = Debug|Any CPU
		Release|Any CPU = Release|Any CPU
	EndGlobalSection
	GlobalSection(ProjectConfigurationPlatforms) = postSolution
		{FD3CCF2F-E8F6-4C23-A169-8E4730F43F4F}.Debug|Any CPU.ActiveCfg = Debug|Any CPU
		{FD3CCF2F-E8F6-4C23-A169-8E4730F43F4F}.Debug|Any CPU.Build.0 = Debug|Any CPU
		{FD3CCF2F-E8F6-4C23-A169-8E4730F43F4F}.Release|Any CPU.ActiveCfg = Release|Any CPU
		{FD3CCF2F-E8F6-4C23-A169-8E4730F43F4F}.Release|Any CPU.Build.0 = Release|Any CPU
	EndGlobalSection
	GlobalSection(SolutionProperties) = preSolution
		HideSolutionNode = FALSE
	EndGlobalSection
	GlobalSection(ExtensibilityGlobals) = postSolution
		SolutionGuid = {DAECC602-C083-469B-A0C9-04FEA0EFA828}
	EndGlobalSection
EndGlobal
